
Microsoft Visual Studio Solution File, Format Version 12.00
# Visual Studio Version 17
VisualStudioVersion = 17.5.33627.172
MinimumVisualStudioVersion = 10.0.40219.1
Project("{FAE04EC0-301F-11D3-BF4B-00C04F79EFBC}") = "Etüt_Test", "Etüt_Test.csproj", "{F4D63A01-0366-498E-8410-B8432B2D45B6}"
EndProject
Global
	GlobalSection(SolutionConfigurationPlatforms) = preSolution
		Debug|Any CPU = Debug|Any CPU
		Release|Any CPU = Release|Any CPU
	EndGlobalSection
	GlobalSection(ProjectConfigurationPlatforms) = postSolution
		{F4D63A01-0366-498E-8410-B8432B2D45B6}.Debug|Any CPU.ActiveCfg = Debug|Any CPU
		{F4D63A01-0366-498E-8410-B8432B2D45B6}.Debug|Any CPU.Build.0 = Debug|Any CPU
		{F4D63A01-0366-498E-8410-B8432B2D45B6}.Release|Any CPU.ActiveCfg = Release|Any CPU
		{F4D63A01-0366-498E-8410-B8432B2D45B6}.Release|Any CPU.Build.0 = Release|Any CPU
	EndGlobalSection
	GlobalSection(SolutionProperties) = preSolution
		HideSolutionNode = FALSE
	EndGlobalSection
	GlobalSection(ExtensibilityGlobals) = postSolution
		SolutionGuid = {E394AD61-02F7-41DF-9520-1B514C2079E0}
	EndGlobalSection
EndGlobal
